
Microsoft Visual Studio Solution File, Format Version 12.00
# Visual Studio Version 17
VisualStudioVersion = 17.11.35222.181
MinimumVisualStudioVersion = 10.0.40219.1
Project("{FAE04EC0-301F-11D3-BF4B-00C04F79EFBC}") = "LR10", "LR10\LR10.csproj", "{6A0228FE-1616-49D1-AA24-3B3B09871758}"
EndProject
Global
	GlobalSection(SolutionConfigurationPlatforms) = preSolution
		Debug|Any CPU = Debug|Any CPU
		Release|Any CPU = Release|Any CPU
	EndGlobalSection
	GlobalSection(ProjectConfigurationPlatforms) = postSolution
		{6A0228FE-1616-49D1-AA24-3B3B09871758}.Debug|Any CPU.ActiveCfg = Debug|Any CPU
		{6A0228FE-1616-49D1-AA24-3B3B09871758}.Debug|Any CPU.Build.0 = Debug|Any CPU
		{6A0228FE-1616-49D1-AA24-3B3B09871758}.Release|Any CPU.ActiveCfg = Release|Any CPU
		{6A0228FE-1616-49D1-AA24-3B3B09871758}.Release|Any CPU.Build.0 = Release|Any CPU
	EndGlobalSection
	GlobalSection(SolutionProperties) = preSolution
		HideSolutionNode = FALSE
	EndGlobalSection
	GlobalSection(ExtensibilityGlobals) = postSolution
		SolutionGuid = {FF4EB6A4-6B4A-435A-BF70-316B2AD883BF}
	EndGlobalSection
EndGlobal
